
Microsoft Visual Studio Solution File, Format Version 12.00
# Visual Studio Version 17
VisualStudioVersion = 17.14.36623.8 d17.14
MinimumVisualStudioVersion = 10.0.40219.1
Project("{FAE04EC0-301F-11D3-BF4B-00C04F79EFBC}") = "StructureProgramming", "StructureProgramming\StructureProgramming.csproj", "{14F193BD-BBBD-4CB8-97F4-F959816EDA05}"
EndProject
Global
	GlobalSection(SolutionConfigurationPlatforms) = preSolution
		Debug|Any CPU = Debug|Any CPU
		Release|Any CPU = Release|Any CPU
	EndGlobalSection
	GlobalSection(ProjectConfigurationPlatforms) = postSolution
		{14F193BD-BBBD-4CB8-97F4-F959816EDA05}.Debug|Any CPU.ActiveCfg = Debug|Any CPU
		{14F193BD-BBBD-4CB8-97F4-F959816EDA05}.Debug|Any CPU.Build.0 = Debug|Any CPU
		{14F193BD-BBBD-4CB8-97F4-F959816EDA05}.Release|Any CPU.ActiveCfg = Release|Any CPU
		{14F193BD-BBBD-4CB8-97F4-F959816EDA05}.Release|Any CPU.Build.0 = Release|Any CPU
	EndGlobalSection
	GlobalSection(SolutionProperties) = preSolution
		HideSolutionNode = FALSE
	EndGlobalSection
	GlobalSection(ExtensibilityGlobals) = postSolution
		SolutionGuid = {CFE6D349-2872-484D-8B99-7355A79D4544}
	EndGlobalSection
EndGlobal
